
Microsoft Visual Studio Solution File, Format Version 12.00
# Visual Studio Version 16
VisualStudioVersion = 16.0.29709.97
MinimumVisualStudioVersion = 10.0.40219.1
Project("{FAE04EC0-301F-11D3-BF4B-00C04F79EFBC}") = "Portifolio", "Portifolio.csproj", "{4ECE9E0C-DF54-417B-9162-E52BB9DE3408}"
EndProject
Global
	GlobalSection(SolutionConfigurationPlatforms) = preSolution
		Debug|Any CPU = Debug|Any CPU
		Release|Any CPU = Release|Any CPU
	EndGlobalSection
	GlobalSection(ProjectConfigurationPlatforms) = postSolution
		{4ECE9E0C-DF54-417B-9162-E52BB9DE3408}.Debug|Any CPU.ActiveCfg = Debug|Any CPU
		{4ECE9E0C-DF54-417B-9162-E52BB9DE3408}.Debug|Any CPU.Build.0 = Debug|Any CPU
		{4ECE9E0C-DF54-417B-9162-E52BB9DE3408}.Release|Any CPU.ActiveCfg = Release|Any CPU
		{4ECE9E0C-DF54-417B-9162-E52BB9DE3408}.Release|Any CPU.Build.0 = Release|Any CPU
	EndGlobalSection
	GlobalSection(SolutionProperties) = preSolution
		HideSolutionNode = FALSE
	EndGlobalSection
	GlobalSection(ExtensibilityGlobals) = postSolution
		SolutionGuid = {00E336FA-E365-4F2F-85AC-366B2D6B8B62}
	EndGlobalSection
EndGlobal
